# This file is generated by running "yarn install" inside your project.
# Manual changes might be lost - proceed with caution!

__metadata:
  version: 8
  cacheKey: 10c0

"@ampproject/remapping@npm:^2.2.1":
  version: 2.3.0
  resolution: "@ampproject/remapping@npm:2.3.0"
  dependencies:
    "@jridgewell/gen-mapping": "npm:^0.3.5"
    "@jridgewell/trace-mapping": "npm:^0.3.24"
  checksum: 10c0/81d63cca5443e0f0c72ae18b544cc28c7c0ec2cea46e7cb888bb0e0f411a1191d0d6b7af798d54e30777d8d1488b2ec0732aac2be342d3d7d3ffd271c6f489ed
  languageName: node
  linkType: hard

"@esbuild/aix-ppc64@npm:0.24.2":
  version: 0.24.2
  resolution: "@esbuild/aix-ppc64@npm:0.24.2"
  conditions: os=aix & cpu=ppc64
  languageName: node
  linkType: hard

"@esbuild/android-arm64@npm:0.24.2":
  version: 0.24.2
  resolution: "@esbuild/android-arm64@npm:0.24.2"
  conditions: os=android & cpu=arm64
  languageName: node
  linkType: hard

"@esbuild/android-arm@npm:0.24.2":
  version: 0.24.2
  resolution: "@esbuild/android-arm@npm:0.24.2"
  conditions: os=android & cpu=arm
  languageName: node
  linkType: hard

"@esbuild/android-x64@npm:0.24.2":
  version: 0.24.2
  resolution: "@esbuild/android-x64@npm:0.24.2"
  conditions: os=android & cpu=x64
  languageName: node
  linkType: hard

"@esbuild/darwin-arm64@npm:0.24.2":
  version: 0.24.2
  resolution: "@esbuild/darwin-arm64@npm:0.24.2"
  conditions: os=darwin & cpu=arm64
  languageName: node
  linkType: hard

"@esbuild/darwin-x64@npm:0.24.2":
  version: 0.24.2
  resolution: "@esbuild/darwin-x64@npm:0.24.2"
  conditions: os=darwin & cpu=x64
  languageName: node
  linkType: hard

"@esbuild/freebsd-arm64@npm:0.24.2":
  version: 0.24.2
  resolution: "@esbuild/freebsd-arm64@npm:0.24.2"
  conditions: os=freebsd & cpu=arm64
  languageName: node
  linkType: hard

"@esbuild/freebsd-x64@npm:0.24.2":
  version: 0.24.2
  resolution: "@esbuild/freebsd-x64@npm:0.24.2"
  conditions: os=freebsd & cpu=x64
  languageName: node
  linkType: hard

"@esbuild/linux-arm64@npm:0.24.2":
  version: 0.24.2
  resolution: "@esbuild/linux-arm64@npm:0.24.2"
  conditions: os=linux & cpu=arm64
  languageName: node
  linkType: hard

"@esbuild/linux-arm@npm:0.24.2":
  version: 0.24.2
  resolution: "@esbuild/linux-arm@npm:0.24.2"
  conditions: os=linux & cpu=arm
  languageName: node
  linkType: hard

"@esbuild/linux-ia32@npm:0.24.2":
  version: 0.24.2
  resolution: "@esbuild/linux-ia32@npm:0.24.2"
  conditions: os=linux & cpu=ia32
  languageName: node
  linkType: hard

"@esbuild/linux-loong64@npm:0.24.2":
  version: 0.24.2
  resolution: "@esbuild/linux-loong64@npm:0.24.2"
  conditions: os=linux & cpu=loong64
  languageName: node
  linkType: hard

"@esbuild/linux-mips64el@npm:0.24.2":
  version: 0.24.2
  resolution: "@esbuild/linux-mips64el@npm:0.24.2"
  conditions: os=linux & cpu=mips64el
  languageName: node
  linkType: hard

"@esbuild/linux-ppc64@npm:0.24.2":
  version: 0.24.2
  resolution: "@esbuild/linux-ppc64@npm:0.24.2"
  conditions: os=linux & cpu=ppc64
  languageName: node
  linkType: hard

"@esbuild/linux-riscv64@npm:0.24.2":
  version: 0.24.2
  resolution: "@esbuild/linux-riscv64@npm:0.24.2"
  conditions: os=linux & cpu=riscv64
  languageName: node
  linkType: hard

"@esbuild/linux-s390x@npm:0.24.2":
  version: 0.24.2
  resolution: "@esbuild/linux-s390x@npm:0.24.2"
  conditions: os=linux & cpu=s390x
  languageName: node
  linkType: hard

"@esbuild/linux-x64@npm:0.24.2":
  version: 0.24.2
  resolution: "@esbuild/linux-x64@npm:0.24.2"
  conditions: os=linux & cpu=x64
  languageName: node
  linkType: hard

"@esbuild/netbsd-arm64@npm:0.24.2":
  version: 0.24.2
  resolution: "@esbuild/netbsd-arm64@npm:0.24.2"
  conditions: os=netbsd & cpu=arm64
  languageName: node
  linkType: hard

"@esbuild/netbsd-x64@npm:0.24.2":
  version: 0.24.2
  resolution: "@esbuild/netbsd-x64@npm:0.24.2"
  conditions: os=netbsd & cpu=x64
  languageName: node
  linkType: hard

"@esbuild/openbsd-arm64@npm:0.24.2":
  version: 0.24.2
  resolution: "@esbuild/openbsd-arm64@npm:0.24.2"
  conditions: os=openbsd & cpu=arm64
  languageName: node
  linkType: hard

"@esbuild/openbsd-x64@npm:0.24.2":
  version: 0.24.2
  resolution: "@esbuild/openbsd-x64@npm:0.24.2"
  conditions: os=openbsd & cpu=x64
  languageName: node
  linkType: hard

"@esbuild/sunos-x64@npm:0.24.2":
  version: 0.24.2
  resolution: "@esbuild/sunos-x64@npm:0.24.2"
  conditions: os=sunos & cpu=x64
  languageName: node
  linkType: hard

"@esbuild/win32-arm64@npm:0.24.2":
  version: 0.24.2
  resolution: "@esbuild/win32-arm64@npm:0.24.2"
  conditions: os=win32 & cpu=arm64
  languageName: node
  linkType: hard

"@esbuild/win32-ia32@npm:0.24.2":
  version: 0.24.2
  resolution: "@esbuild/win32-ia32@npm:0.24.2"
  conditions: os=win32 & cpu=ia32
  languageName: node
  linkType: hard

"@esbuild/win32-x64@npm:0.24.2":
  version: 0.24.2
  resolution: "@esbuild/win32-x64@npm:0.24.2"
  conditions: os=win32 & cpu=x64
  languageName: node
  linkType: hard

"@event-calendar/core@npm:^3.7.2, @event-calendar/core@npm:~3.7.2":
  version: 3.7.2
  resolution: "@event-calendar/core@npm:3.7.2"
  dependencies:
    svelte: "npm:^4.2.19"
  checksum: 10c0/938ce3e5ce4a92da01cd2a953202fbfb9efa6187d80ad1cb0ffbacc78578b7827611a0d1901521a071e5a8502e3bc54aca448ef2c58310e6d9ebae22ab35c614
  languageName: node
  linkType: hard

"@event-calendar/interaction@npm:^3.7.2":
  version: 3.7.2
  resolution: "@event-calendar/interaction@npm:3.7.2"
  dependencies:
    "@event-calendar/core": "npm:~3.7.2"
    svelte: "npm:^4.2.19"
  checksum: 10c0/a9ff3b7bf906851004ec846f6cdff7cd52f071a31911929a8ef3c44e173d2cd74c8576913fba863f384143fdd79e65c4bccebc4c9415364f2895a3712d588f39
  languageName: node
  linkType: hard

"@event-calendar/list@npm:^3.7.2":
  version: 3.7.2
  resolution: "@event-calendar/list@npm:3.7.2"
  dependencies:
    "@event-calendar/core": "npm:~3.7.2"
    svelte: "npm:^4.2.19"
  checksum: 10c0/cea2f754669c839498393b6b649a6a7606c1386d331b94d469604484700226be28d11037f40ebd4c929140a44cff8efb0401e2e1f8d0a5e98767d662b6abb2bd
  languageName: node
  linkType: hard

"@event-calendar/resource-time-grid@npm:^3.7.2":
  version: 3.7.2
  resolution: "@event-calendar/resource-time-grid@npm:3.7.2"
  dependencies:
    "@event-calendar/core": "npm:~3.7.2"
    "@event-calendar/time-grid": "npm:~3.7.2"
    svelte: "npm:^4.2.19"
  checksum: 10c0/37df1ea43ae054f2cce972b3bb7030c3098cef5a9674f4fd301c9308855a7caf9f36c1035a51947eafe4146e2493f40677bf1874be9149d6838e143e114c6b38
  languageName: node
  linkType: hard

"@event-calendar/resource-timeline@npm:^3.7.2":
  version: 3.7.2
  resolution: "@event-calendar/resource-timeline@npm:3.7.2"
  dependencies:
    "@event-calendar/core": "npm:~3.7.2"
    svelte: "npm:^4.2.19"
  checksum: 10c0/3360fb4ebd96c53863db62c7237af70746e0406ae812f3ff42d7f779ba63f5209e9f9da9a65cb5bc7957fb73fc1f04bdae7935caf7396d44745c72702b072453
  languageName: node
  linkType: hard

"@event-calendar/time-grid@npm:^3.7.2, @event-calendar/time-grid@npm:~3.7.2":
  version: 3.7.2
  resolution: "@event-calendar/time-grid@npm:3.7.2"
  dependencies:
    "@event-calendar/core": "npm:~3.7.2"
    svelte: "npm:^4.2.19"
  checksum: 10c0/71a4b71daf34e11df0005b7e031de03346856874fbaea2451702e9ec079b065572f65061256a64d1abb159d6c084ac564f158a8d62a4d0e1df787fa353171ae1
  languageName: node
  linkType: hard

"@jridgewell/gen-mapping@npm:^0.3.5":
  version: 0.3.8
  resolution: "@jridgewell/gen-mapping@npm:0.3.8"
  dependencies:
    "@jridgewell/set-array": "npm:^1.2.1"
    "@jridgewell/sourcemap-codec": "npm:^1.4.10"
    "@jridgewell/trace-mapping": "npm:^0.3.24"
  checksum: 10c0/c668feaf86c501d7c804904a61c23c67447b2137b813b9ce03eca82cb9d65ac7006d766c218685d76e3d72828279b6ee26c347aa1119dab23fbaf36aed51585a
  languageName: node
  linkType: hard

"@jridgewell/resolve-uri@npm:^3.1.0":
  version: 3.1.2
  resolution: "@jridgewell/resolve-uri@npm:3.1.2"
  checksum: 10c0/d502e6fb516b35032331406d4e962c21fe77cdf1cbdb49c6142bcbd9e30507094b18972778a6e27cbad756209cfe34b1a27729e6fa08a2eb92b33943f680cf1e
  languageName: node
  linkType: hard

"@jridgewell/set-array@npm:^1.2.1":
  version: 1.2.1
  resolution: "@jridgewell/set-array@npm:1.2.1"
  checksum: 10c0/2a5aa7b4b5c3464c895c802d8ae3f3d2b92fcbe84ad12f8d0bfbb1f5ad006717e7577ee1fd2eac00c088abe486c7adb27976f45d2941ff6b0b92b2c3302c60f4
  languageName: node
  linkType: hard

"@jridgewell/sourcemap-codec@npm:^1.4.10, @jridgewell/sourcemap-codec@npm:^1.4.14, @jridgewell/sourcemap-codec@npm:^1.4.15, @jridgewell/sourcemap-codec@npm:^1.5.0":
  version: 1.5.0
  resolution: "@jridgewell/sourcemap-codec@npm:1.5.0"
  checksum: 10c0/2eb864f276eb1096c3c11da3e9bb518f6d9fc0023c78344cdc037abadc725172c70314bdb360f2d4b7bffec7f5d657ce006816bc5d4ecb35e61b66132db00c18
  languageName: node
  linkType: hard

"@jridgewell/trace-mapping@npm:^0.3.18, @jridgewell/trace-mapping@npm:^0.3.24":
  version: 0.3.25
  resolution: "@jridgewell/trace-mapping@npm:0.3.25"
  dependencies:
    "@jridgewell/resolve-uri": "npm:^3.1.0"
    "@jridgewell/sourcemap-codec": "npm:^1.4.14"
  checksum: 10c0/3d1ce6ebc69df9682a5a8896b414c6537e428a1d68b02fcc8363b04284a8ca0df04d0ee3013132252ab14f2527bc13bea6526a912ecb5658f0e39fd2860b4df4
  languageName: node
  linkType: hard

"@types/estree@npm:^1.0.0, @types/estree@npm:^1.0.1, @types/estree@npm:^1.0.6":
  version: 1.0.6
  resolution: "@types/estree@npm:1.0.6"
  checksum: 10c0/cdfd751f6f9065442cd40957c07fd80361c962869aa853c1c2fd03e101af8b9389d8ff4955a43a6fcfa223dd387a089937f95be0f3eec21ca527039fd2d9859a
  languageName: node
  linkType: hard

"acorn@npm:^8.10.0, acorn@npm:^8.9.0":
  version: 8.14.0
  resolution: "acorn@npm:8.14.0"
  bin:
    acorn: bin/acorn
  checksum: 10c0/6d4ee461a7734b2f48836ee0fbb752903606e576cc100eb49340295129ca0b452f3ba91ddd4424a1d4406a98adfb2ebb6bd0ff4c49d7a0930c10e462719bbfd7
  languageName: node
  linkType: hard

"aria-query@npm:^5.3.0":
  version: 5.3.2
  resolution: "aria-query@npm:5.3.2"
  checksum: 10c0/003c7e3e2cff5540bf7a7893775fc614de82b0c5dde8ae823d47b7a28a9d4da1f7ed85f340bdb93d5649caa927755f0e31ecc7ab63edfdfc00c8ef07e505e03e
  languageName: node
  linkType: hard

"axobject-query@npm:^4.0.0":
  version: 4.1.0
  resolution: "axobject-query@npm:4.1.0"
  checksum: 10c0/c470e4f95008f232eadd755b018cb55f16c03ccf39c027b941cd8820ac6b68707ce5d7368a46756db4256fbc91bb4ead368f84f7fb034b2b7932f082f6dc0775
  languageName: node
  linkType: hard

"code-red@npm:^1.0.3":
  version: 1.0.4
  resolution: "code-red@npm:1.0.4"
  dependencies:
    "@jridgewell/sourcemap-codec": "npm:^1.4.15"
    "@types/estree": "npm:^1.0.1"
    acorn: "npm:^8.10.0"
    estree-walker: "npm:^3.0.3"
    periscopic: "npm:^3.1.0"
  checksum: 10c0/1309f062369ae520c422d7f45b93190faea2cbc7e3fe3375918f36bb394030d0936d940601426564c30abc71b8aa8e6d1505cccd67a8620183fb01c84bcb7304
  languageName: node
  linkType: hard

"css-tree@npm:^2.3.1":
  version: 2.3.1
  resolution: "css-tree@npm:2.3.1"
  dependencies:
    mdn-data: "npm:2.0.30"
    source-map-js: "npm:^1.0.1"
  checksum: 10c0/6f8c1a11d5e9b14bf02d10717fc0351b66ba12594166f65abfbd8eb8b5b490dd367f5c7721db241a3c792d935fc6751fbc09f7e1598d421477ad9fadc30f4f24
  languageName: node
  linkType: hard

"esbuild@npm:^0.24.2":
  version: 0.24.2
  resolution: "esbuild@npm:0.24.2"
  dependencies:
    "@esbuild/aix-ppc64": "npm:0.24.2"
    "@esbuild/android-arm": "npm:0.24.2"
    "@esbuild/android-arm64": "npm:0.24.2"
    "@esbuild/android-x64": "npm:0.24.2"
    "@esbuild/darwin-arm64": "npm:0.24.2"
    "@esbuild/darwin-x64": "npm:0.24.2"
    "@esbuild/freebsd-arm64": "npm:0.24.2"
    "@esbuild/freebsd-x64": "npm:0.24.2"
    "@esbuild/linux-arm": "npm:0.24.2"
    "@esbuild/linux-arm64": "npm:0.24.2"
    "@esbuild/linux-ia32": "npm:0.24.2"
    "@esbuild/linux-loong64": "npm:0.24.2"
    "@esbuild/linux-mips64el": "npm:0.24.2"
    "@esbuild/linux-ppc64": "npm:0.24.2"
    "@esbuild/linux-riscv64": "npm:0.24.2"
    "@esbuild/linux-s390x": "npm:0.24.2"
    "@esbuild/linux-x64": "npm:0.24.2"
    "@esbuild/netbsd-arm64": "npm:0.24.2"
    "@esbuild/netbsd-x64": "npm:0.24.2"
    "@esbuild/openbsd-arm64": "npm:0.24.2"
    "@esbuild/openbsd-x64": "npm:0.24.2"
    "@esbuild/sunos-x64": "npm:0.24.2"
    "@esbuild/win32-arm64": "npm:0.24.2"
    "@esbuild/win32-ia32": "npm:0.24.2"
    "@esbuild/win32-x64": "npm:0.24.2"
  dependenciesMeta:
    "@esbuild/aix-ppc64":
      optional: true
    "@esbuild/android-arm":
      optional: true
    "@esbuild/android-arm64":
      optional: true
    "@esbuild/android-x64":
      optional: true
    "@esbuild/darwin-arm64":
      optional: true
    "@esbuild/darwin-x64":
      optional: true
    "@esbuild/freebsd-arm64":
      optional: true
    "@esbuild/freebsd-x64":
      optional: true
    "@esbuild/linux-arm":
      optional: true
    "@esbuild/linux-arm64":
      optional: true
    "@esbuild/linux-ia32":
      optional: true
    "@esbuild/linux-loong64":
      optional: true
    "@esbuild/linux-mips64el":
      optional: true
    "@esbuild/linux-ppc64":
      optional: true
    "@esbuild/linux-riscv64":
      optional: true
    "@esbuild/linux-s390x":
      optional: true
    "@esbuild/linux-x64":
      optional: true
    "@esbuild/netbsd-arm64":
      optional: true
    "@esbuild/netbsd-x64":
      optional: true
    "@esbuild/openbsd-arm64":
      optional: true
    "@esbuild/openbsd-x64":
      optional: true
    "@esbuild/sunos-x64":
      optional: true
    "@esbuild/win32-arm64":
      optional: true
    "@esbuild/win32-ia32":
      optional: true
    "@esbuild/win32-x64":
      optional: true
  bin:
    esbuild: bin/esbuild
  checksum: 10c0/5a25bb08b6ba23db6e66851828d848bd3ff87c005a48c02d83e38879058929878a6baa5a414e1141faee0d1dece3f32b5fbc2a87b82ed6a7aa857cf40359aeb5
  languageName: node
  linkType: hard

"estree-walker@npm:^3.0.0, estree-walker@npm:^3.0.3":
  version: 3.0.3
  resolution: "estree-walker@npm:3.0.3"
  dependencies:
    "@types/estree": "npm:^1.0.0"
  checksum: 10c0/c12e3c2b2642d2bcae7d5aa495c60fa2f299160946535763969a1c83fc74518ffa9c2cd3a8b69ac56aea547df6a8aac25f729a342992ef0bbac5f1c73e78995d
  languageName: node
  linkType: hard

"is-reference@npm:^3.0.0, is-reference@npm:^3.0.1":
  version: 3.0.3
  resolution: "is-reference@npm:3.0.3"
  dependencies:
    "@types/estree": "npm:^1.0.6"
  checksum: 10c0/35edd284cfb4cd9e9f08973f20e276ec517eaca31f5f049598e97dbb2d05544973dde212dac30fddee5b420930bff365e2e67dcd1293d0866c6720377382e3e5
  languageName: node
  linkType: hard

"jcalendar.js@npm:^2.12.2":
  version: 2.12.2
  resolution: "jcalendar.js@npm:2.12.2"
  checksum: 10c0/8b40e438223e7e85f302530dfcdcf3e500dc02959e815cf7824a0cc43bb6c6272453e10cc4ec807eb85a9910a42ef8214df7796f468882220e6f2f0bf3d0ee99
  languageName: node
  linkType: hard

"locate-character@npm:^3.0.0":
  version: 3.0.0
  resolution: "locate-character@npm:3.0.0"
  checksum: 10c0/9da917622395002eb1336fca8cbef1c19904e3dc0b3b8078abe8ff390106d947a86feccecd0346f0e0e19fa017623fb4ccb65263d72a76dfa36e20cc18766b6c
  languageName: node
  linkType: hard

"magic-string@npm:^0.30.4":
  version: 0.30.17
  resolution: "magic-string@npm:0.30.17"
  dependencies:
    "@jridgewell/sourcemap-codec": "npm:^1.5.0"
  checksum: 10c0/16826e415d04b88378f200fe022b53e638e3838b9e496edda6c0e086d7753a44a6ed187adc72d19f3623810589bf139af1a315541cd6a26ae0771a0193eaf7b8
  languageName: node
  linkType: hard

"mdn-data@npm:2.0.30":
  version: 2.0.30
  resolution: "mdn-data@npm:2.0.30"
  checksum: 10c0/a2c472ea16cee3911ae742593715aa4c634eb3d4b9f1e6ada0902aa90df13dcbb7285d19435f3ff213ebaa3b2e0c0265c1eb0e3fb278fda7f8919f046a410cd9
  languageName: node
  linkType: hard

"periscopic@npm:^3.1.0":
  version: 3.1.0
  resolution: "periscopic@npm:3.1.0"
  dependencies:
    "@types/estree": "npm:^1.0.0"
    estree-walker: "npm:^3.0.0"
    is-reference: "npm:^3.0.0"
  checksum: 10c0/fb5ce7cd810c49254cdf1cd3892811e6dd1a1dfbdf5f10a0a33fb7141baac36443c4cad4f0e2b30abd4eac613f6ab845c2bc1b7ce66ae9694c7321e6ada5bd96
  languageName: node
  linkType: hard

"source-map-js@npm:^1.0.1":
  version: 1.2.1
  resolution: "source-map-js@npm:1.2.1"
  checksum: 10c0/7bda1fc4c197e3c6ff17de1b8b2c20e60af81b63a52cb32ec5a5d67a20a7d42651e2cb34ebe93833c5a2a084377e17455854fee3e21e7925c64a51b6a52b0faf
  languageName: node
  linkType: hard

"svelte@npm:^4.2.19":
  version: 4.2.19
  resolution: "svelte@npm:4.2.19"
  dependencies:
    "@ampproject/remapping": "npm:^2.2.1"
    "@jridgewell/sourcemap-codec": "npm:^1.4.15"
    "@jridgewell/trace-mapping": "npm:^0.3.18"
    "@types/estree": "npm:^1.0.1"
    acorn: "npm:^8.9.0"
    aria-query: "npm:^5.3.0"
    axobject-query: "npm:^4.0.0"
    code-red: "npm:^1.0.3"
    css-tree: "npm:^2.3.1"
    estree-walker: "npm:^3.0.3"
    is-reference: "npm:^3.0.1"
    locate-character: "npm:^3.0.0"
    magic-string: "npm:^0.30.4"
    periscopic: "npm:^3.1.0"
  checksum: 10c0/77700133e90f86da3072ebfd5e8546b4ebe7296424bd65f89a7247fbcbae5dc56f56d15154e2a929ee3aa7da018cb5d5db24b99b7cb72f0ba2db2ad966d603dc
  languageName: node
  linkType: hard

"web@workspace:.":
  version: 0.0.0-use.local
  resolution: "web@workspace:."
  dependencies:
    "@event-calendar/core": "npm:^3.7.2"
    "@event-calendar/interaction": "npm:^3.7.2"
    "@event-calendar/list": "npm:^3.7.2"
    "@event-calendar/resource-time-grid": "npm:^3.7.2"
    "@event-calendar/resource-timeline": "npm:^3.7.2"
    "@event-calendar/time-grid": "npm:^3.7.2"
    esbuild: "npm:^0.24.2"
    jcalendar.js: "npm:^2.12.2"
  languageName: unknown
  linkType: soft
